
Microsoft Visual Studio Solution File, Format Version 12.00
# Visual Studio Version 16
VisualStudioVersion = 16.0.31112.23
MinimumVisualStudioVersion = 10.0.40219.1
Project("{FAE04EC0-301F-11D3-BF4B-00C04F79EFBC}") = "Pos(ShoeRetail)", "Pos(ShoeRetail)\Pos(ShoeRetail).csproj", "{E8CBFA7E-3091-4BB6-9183-F3E20678E5C4}"
EndProject
Global
	GlobalSection(SolutionConfigurationPlatforms) = preSolution
		Debug|Any CPU = Debug|Any CPU
		Release|Any CPU = Release|Any CPU
	EndGlobalSection
	GlobalSection(ProjectConfigurationPlatforms) = postSolution
		{E8CBFA7E-3091-4BB6-9183-F3E20678E5C4}.Debug|Any CPU.ActiveCfg = Debug|Any CPU
		{E8CBFA7E-3091-4BB6-9183-F3E20678E5C4}.Debug|Any CPU.Build.0 = Debug|Any CPU
		{E8CBFA7E-3091-4BB6-9183-F3E20678E5C4}.Release|Any CPU.ActiveCfg = Release|Any CPU
		{E8CBFA7E-3091-4BB6-9183-F3E20678E5C4}.Release|Any CPU.Build.0 = Release|Any CPU
	EndGlobalSection
	GlobalSection(SolutionProperties) = preSolution
		HideSolutionNode = FALSE
	EndGlobalSection
	GlobalSection(ExtensibilityGlobals) = postSolution
		SolutionGuid = {3B99DBFA-9D92-479C-95B5-C0B5B0705A48}
	EndGlobalSection
EndGlobal
